
Microsoft Visual Studio Solution File, Format Version 12.00
# Visual Studio Version 17
VisualStudioVersion = 17.13.35919.96
MinimumVisualStudioVersion = 10.0.40219.1
Project("{FAE04EC0-301F-11D3-BF4B-00C04F79EFBC}") = "PortfolioAPI", "PortfolioAPI\PortfolioAPI.csproj", "{81100F66-AD1C-4B9E-A42C-2C025A8D81B1}"
EndProject
Project("{FAE04EC0-301F-11D3-BF4B-00C04F79EFBC}") = "PortfolioAPITests", "PortfolioAPITests\PortfolioAPITests.csproj", "{245B0BF4-1F10-4BD4-B1A4-1A434A6861CF}"
EndProject
Global
	GlobalSection(SolutionConfigurationPlatforms) = preSolution
		Debug|Any CPU = Debug|Any CPU
		Release|Any CPU = Release|Any CPU
	EndGlobalSection
	GlobalSection(ProjectConfigurationPlatforms) = postSolution
		{81100F66-AD1C-4B9E-A42C-2C025A8D81B1}.Debug|Any CPU.ActiveCfg = Debug|Any CPU
		{81100F66-AD1C-4B9E-A42C-2C025A8D81B1}.Debug|Any CPU.Build.0 = Debug|Any CPU
		{81100F66-AD1C-4B9E-A42C-2C025A8D81B1}.Release|Any CPU.ActiveCfg = Release|Any CPU
		{81100F66-AD1C-4B9E-A42C-2C025A8D81B1}.Release|Any CPU.Build.0 = Release|Any CPU
		{245B0BF4-1F10-4BD4-B1A4-1A434A6861CF}.Debug|Any CPU.ActiveCfg = Debug|Any CPU
		{245B0BF4-1F10-4BD4-B1A4-1A434A6861CF}.Debug|Any CPU.Build.0 = Debug|Any CPU
		{245B0BF4-1F10-4BD4-B1A4-1A434A6861CF}.Release|Any CPU.ActiveCfg = Release|Any CPU
		{245B0BF4-1F10-4BD4-B1A4-1A434A6861CF}.Release|Any CPU.Build.0 = Release|Any CPU
	EndGlobalSection
	GlobalSection(SolutionProperties) = preSolution
		HideSolutionNode = FALSE
	EndGlobalSection
	GlobalSection(ExtensibilityGlobals) = postSolution
		SolutionGuid = {E7B73945-AB34-41EC-ACB4-B6F36D509261}
	EndGlobalSection
EndGlobal
